
Microsoft Visual Studio Solution File, Format Version 12.00
# Visual Studio Version 17
VisualStudioVersion = 17.13.35825.156 d17.13
MinimumVisualStudioVersion = 10.0.40219.1
Project("{FAE04EC0-301F-11D3-BF4B-00C04F79EFBC}") = "ReadMPlcUIPackage", "ReadMPlc\ReadMPlcUIPackage\ReadMPlcUIPackage.csproj", "{906E2B8B-107C-4962-B036-E295A418B7C4}"
EndProject
Project("{FAE04EC0-301F-11D3-BF4B-00C04F79EFBC}") = "ReadMPlcPackage", "ReadMPlc\ReadMPlcPackage\ReadMPlcPackage.csproj", "{4D13D237-FA9B-48EB-B0BC-C53DA5E0EC2C}"
EndProject
Global
	GlobalSection(SolutionConfigurationPlatforms) = preSolution
		Debug|Any CPU = Debug|Any CPU
		Release|Any CPU = Release|Any CPU
	EndGlobalSection
	GlobalSection(ProjectConfigurationPlatforms) = postSolution
		{906E2B8B-107C-4962-B036-E295A418B7C4}.Debug|Any CPU.ActiveCfg = Debug|Any CPU
		{906E2B8B-107C-4962-B036-E295A418B7C4}.Debug|Any CPU.Build.0 = Debug|Any CPU
		{906E2B8B-107C-4962-B036-E295A418B7C4}.Release|Any CPU.ActiveCfg = Release|Any CPU
		{906E2B8B-107C-4962-B036-E295A418B7C4}.Release|Any CPU.Build.0 = Release|Any CPU
		{4D13D237-FA9B-48EB-B0BC-C53DA5E0EC2C}.Debug|Any CPU.ActiveCfg = Debug|Any CPU
		{4D13D237-FA9B-48EB-B0BC-C53DA5E0EC2C}.Debug|Any CPU.Build.0 = Debug|Any CPU
		{4D13D237-FA9B-48EB-B0BC-C53DA5E0EC2C}.Release|Any CPU.ActiveCfg = Release|Any CPU
		{4D13D237-FA9B-48EB-B0BC-C53DA5E0EC2C}.Release|Any CPU.Build.0 = Release|Any CPU
	EndGlobalSection
	GlobalSection(SolutionProperties) = preSolution
		HideSolutionNode = FALSE
	EndGlobalSection
	GlobalSection(ExtensibilityGlobals) = postSolution
		SolutionGuid = {75BF4778-6204-4114-88BA-48809464A289}
	EndGlobalSection
EndGlobal
